
Microsoft Visual Studio Solution File, Format Version 12.00
# Visual Studio Version 17
VisualStudioVersion = 17.8.34330.188
MinimumVisualStudioVersion = 10.0.40219.1
Project("{FAE04EC0-301F-11D3-BF4B-00C04F79EFBC}") = "LibraRestaurant.Keycloak.DbMigrator", "LibraRestaurant.Keycloak.DbMigrator.csproj", "{AA52471D-0044-4BF9-8F19-A2B5C68EE675}"
EndProject
Global
	GlobalSection(SolutionConfigurationPlatforms) = preSolution
		Debug|Any CPU = Debug|Any CPU
		Release|Any CPU = Release|Any CPU
	EndGlobalSection
	GlobalSection(ProjectConfigurationPlatforms) = postSolution
		{AA52471D-0044-4BF9-8F19-A2B5C68EE675}.Debug|Any CPU.ActiveCfg = Debug|Any CPU
		{AA52471D-0044-4BF9-8F19-A2B5C68EE675}.Debug|Any CPU.Build.0 = Debug|Any CPU
		{AA52471D-0044-4BF9-8F19-A2B5C68EE675}.Release|Any CPU.ActiveCfg = Release|Any CPU
		{AA52471D-0044-4BF9-8F19-A2B5C68EE675}.Release|Any CPU.Build.0 = Release|Any CPU
	EndGlobalSection
	GlobalSection(SolutionProperties) = preSolution
		HideSolutionNode = FALSE
	EndGlobalSection
	GlobalSection(ExtensibilityGlobals) = postSolution
		SolutionGuid = {05FBBEA5-07A5-4C21-BD7E-C5F791DFF90E}
	EndGlobalSection
EndGlobal
