
Microsoft Visual Studio Solution File, Format Version 12.00
# Visual Studio Version 17
VisualStudioVersion = 17.8.34330.188
MinimumVisualStudioVersion = 10.0.40219.1
Project("{9A19103F-16F7-4668-BE54-9A1E7A4F7556}") = "AppHost", "..\AppHost\AppHost.csproj", "{C3FD2476-E752-4093-B18B-5EB45005B2B3}"
EndProject
Project("{9A19103F-16F7-4668-BE54-9A1E7A4F7556}") = "ServiceDefaults", "..\ServiceDefaults\ServiceDefaults.csproj", "{A35BD371-8384-4583-A985-7A43E90CA613}"
EndProject
Global
	GlobalSection(SolutionConfigurationPlatforms) = preSolution
		Debug|Any CPU = Debug|Any CPU
		Release|Any CPU = Release|Any CPU
	EndGlobalSection
	GlobalSection(ProjectConfigurationPlatforms) = postSolution
		{C3FD2476-E752-4093-B18B-5EB45005B2B3}.Debug|Any CPU.ActiveCfg = Debug|Any CPU
		{C3FD2476-E752-4093-B18B-5EB45005B2B3}.Debug|Any CPU.Build.0 = Debug|Any CPU
		{C3FD2476-E752-4093-B18B-5EB45005B2B3}.Release|Any CPU.ActiveCfg = Release|Any CPU
		{C3FD2476-E752-4093-B18B-5EB45005B2B3}.Release|Any CPU.Build.0 = Release|Any CPU
		{A35BD371-8384-4583-A985-7A43E90CA613}.Debug|Any CPU.ActiveCfg = Debug|Any CPU
		{A35BD371-8384-4583-A985-7A43E90CA613}.Debug|Any CPU.Build.0 = Debug|Any CPU
		{A35BD371-8384-4583-A985-7A43E90CA613}.Release|Any CPU.ActiveCfg = Release|Any CPU
		{A35BD371-8384-4583-A985-7A43E90CA613}.Release|Any CPU.Build.0 = Release|Any CPU
	EndGlobalSection
	GlobalSection(SolutionProperties) = preSolution
		HideSolutionNode = FALSE
	EndGlobalSection
	GlobalSection(ExtensibilityGlobals) = postSolution
		SolutionGuid = {46E3F3CC-1286-475B-AE7A-C12324529BD0}
	EndGlobalSection
EndGlobal
