
Microsoft Visual Studio Solution File, Format Version 12.00
# Visual Studio Version 17
VisualStudioVersion = 17.8.34330.188
MinimumVisualStudioVersion = 10.0.40219.1
Project("{9A19103F-16F7-4668-BE54-9A1E7A4F7556}") = "LibraRestaurant.BasketService", "..\src\LibraRestaurant.BasketService\LibraRestaurant.BasketService.csproj", "{79EFD682-D473-4141-9E4E-25B02C7C13EF}"
EndProject
Project("{9A19103F-16F7-4668-BE54-9A1E7A4F7556}") = "LibraRestaurant.BasketService.Contracts", "..\src\LibraRestaurant.BasketService.Contracts\LibraRestaurant.BasketService.Contracts.csproj", "{C866DB82-091D-43F3-9A58-22898E7C4786}"
EndProject
Global
	GlobalSection(SolutionConfigurationPlatforms) = preSolution
		Debug|Any CPU = Debug|Any CPU
		Release|Any CPU = Release|Any CPU
	EndGlobalSection
	GlobalSection(ProjectConfigurationPlatforms) = postSolution
		{79EFD682-D473-4141-9E4E-25B02C7C13EF}.Debug|Any CPU.ActiveCfg = Debug|Any CPU
		{79EFD682-D473-4141-9E4E-25B02C7C13EF}.Debug|Any CPU.Build.0 = Debug|Any CPU
		{79EFD682-D473-4141-9E4E-25B02C7C13EF}.Release|Any CPU.ActiveCfg = Release|Any CPU
		{79EFD682-D473-4141-9E4E-25B02C7C13EF}.Release|Any CPU.Build.0 = Release|Any CPU
		{C866DB82-091D-43F3-9A58-22898E7C4786}.Debug|Any CPU.ActiveCfg = Debug|Any CPU
		{C866DB82-091D-43F3-9A58-22898E7C4786}.Debug|Any CPU.Build.0 = Debug|Any CPU
		{C866DB82-091D-43F3-9A58-22898E7C4786}.Release|Any CPU.ActiveCfg = Release|Any CPU
		{C866DB82-091D-43F3-9A58-22898E7C4786}.Release|Any CPU.Build.0 = Release|Any CPU
	EndGlobalSection
	GlobalSection(SolutionProperties) = preSolution
		HideSolutionNode = FALSE
	EndGlobalSection
	GlobalSection(ExtensibilityGlobals) = postSolution
		SolutionGuid = {D52A6AC3-F934-4A1A-80A3-99C5711E4184}
	EndGlobalSection
EndGlobal
