
Microsoft Visual Studio Solution File, Format Version 12.00
# Visual Studio Version 17
VisualStudioVersion = 17.8.34330.188
MinimumVisualStudioVersion = 10.0.40219.1
Project("{9A19103F-16F7-4668-BE54-9A1E7A4F7556}") = "LibraRestaurant.PublicWeb", "src\LibraRestaurant.PublicWeb\LibraRestaurant.PublicWeb.csproj", "{5BA6C064-47A5-485B-94F8-FBCC323F9969}"
EndProject
Global
	GlobalSection(SolutionConfigurationPlatforms) = preSolution
		Debug|Any CPU = Debug|Any CPU
		Release|Any CPU = Release|Any CPU
	EndGlobalSection
	GlobalSection(ProjectConfigurationPlatforms) = postSolution
		{5BA6C064-47A5-485B-94F8-FBCC323F9969}.Debug|Any CPU.ActiveCfg = Debug|Any CPU
		{5BA6C064-47A5-485B-94F8-FBCC323F9969}.Debug|Any CPU.Build.0 = Debug|Any CPU
		{5BA6C064-47A5-485B-94F8-FBCC323F9969}.Release|Any CPU.ActiveCfg = Release|Any CPU
		{5BA6C064-47A5-485B-94F8-FBCC323F9969}.Release|Any CPU.Build.0 = Release|Any CPU
	EndGlobalSection
	GlobalSection(SolutionProperties) = preSolution
		HideSolutionNode = FALSE
	EndGlobalSection
	GlobalSection(ExtensibilityGlobals) = postSolution
		SolutionGuid = {314A28A3-0E19-4747-857D-82A19FF122B3}
	EndGlobalSection
EndGlobal
