
Microsoft Visual Studio Solution File, Format Version 12.00
# Visual Studio Version 17
VisualStudioVersion = 17.8.34330.188
MinimumVisualStudioVersion = 10.0.40219.1
Project("{FAE04EC0-301F-11D3-BF4B-00C04F79EFBC}") = "LibraRestaurant.Shared.Hosting.Gateways", "LibraRestaurant.Shared.Hosting.Gateways.csproj", "{BF1EEC24-ABCF-416F-89D8-18D58D74BBC0}"
EndProject
Global
	GlobalSection(SolutionConfigurationPlatforms) = preSolution
		Debug|Any CPU = Debug|Any CPU
		Release|Any CPU = Release|Any CPU
	EndGlobalSection
	GlobalSection(ProjectConfigurationPlatforms) = postSolution
		{BF1EEC24-ABCF-416F-89D8-18D58D74BBC0}.Debug|Any CPU.ActiveCfg = Debug|Any CPU
		{BF1EEC24-ABCF-416F-89D8-18D58D74BBC0}.Debug|Any CPU.Build.0 = Debug|Any CPU
		{BF1EEC24-ABCF-416F-89D8-18D58D74BBC0}.Release|Any CPU.ActiveCfg = Release|Any CPU
		{BF1EEC24-ABCF-416F-89D8-18D58D74BBC0}.Release|Any CPU.Build.0 = Release|Any CPU
	EndGlobalSection
	GlobalSection(SolutionProperties) = preSolution
		HideSolutionNode = FALSE
	EndGlobalSection
	GlobalSection(ExtensibilityGlobals) = postSolution
		SolutionGuid = {7E0A3788-DE6F-4DF3-A1A5-949EF57EE197}
	EndGlobalSection
EndGlobal
